{
    "name": "@jcbhmr/better-web-socket-stream",
    "lockfileVersion": 3,
    "requires": true,
    "packages": {
        "": {
            "name": "@jcbhmr/better-web-socket-stream",
            "dependencies": {
                "p-event": "^7.1.0"
            }
        },
        "node_modules/p-event": {
            "version": "7.1.0",
            "resolved": "https://registry.npmjs.org/p-event/-/p-event-7.1.0.tgz",
            "integrity": "sha512-/lkPs5W1aC3cp6vqZefpdosOn65J571sWodyfOQiF0+tmDCpU+H8Atwpu0vQROCVUlZuToDN5eyTLsMLLc54mg==",
            "license": "MIT",
            "dependencies": {
                "p-timeout": "^7.0.1"
            },
            "engines": {
                "node": ">=20"
            },
            "funding": {
                "url": "https://github.com/sponsors/sindresorhus"
            }
        },
        "node_modules/p-timeout": {
            "version": "7.0.1",
            "resolved": "https://registry.npmjs.org/p-timeout/-/p-timeout-7.0.1.tgz",
            "integrity": "sha512-AxTM2wDGORHGEkPCt8yqxOTMgpfbEHqF51f/5fJCmwFC3C/zNcGT63SymH2ttOAaiIws2zVg4+izQCjrakcwHg==",
            "license": "MIT",
            "engines": {
                "node": ">=20"
            },
            "funding": {
                "url": "https://github.com/sponsors/sindresorhus"
            }
        }
    }
}
